
Microsoft Visual Studio Solution File, Format Version 12.00
# Visual Studio 15
VisualStudioVersion = 15.0.27428.2002
MinimumVisualStudioVersion = 10.0.40219.1
Project("{2150E333-8FDC-42A3-9474-1A3956D46DE8}") = "BLL", "BLL", "{BFB0A8F3-7824-4A85-A748-93B27C4BB417}"
EndProject
Project("{2150E333-8FDC-42A3-9474-1A3956D46DE8}") = "Common", "Common", "{1EA24514-0CFD-43F3-BC50-CB91C0F51A2F}"
EndProject
Project("{2150E333-8FDC-42A3-9474-1A3956D46DE8}") = "DAL", "DAL", "{E85D92C8-B637-4249-A272-493BA6D71A12}"
EndProject
Project("{2150E333-8FDC-42A3-9474-1A3956D46DE8}") = "Model", "Model", "{E166560E-A588-464A-AB5F-0214588D364D}"
EndProject
Project("{2150E333-8FDC-42A3-9474-1A3956D46DE8}") = "UI", "UI", "{04D6F3D9-C22D-4F52-8AFB-2E13152A1AAA}"
EndProject
Project("{2150E333-8FDC-42A3-9474-1A3956D46DE8}") = "Utility", "Utility", "{FCB273CC-93B7-4996-A5DC-849674A8F250}"
EndProject
Project("{FAE04EC0-301F-11D3-BF4B-00C04F79EFBC}") = "MDORM.DapperExt", "..\MDORM\MDORM.DapperExt\MDORM.DapperExt.csproj", "{5F539A86-8F2B-4FE7-93D6-42459D6F6BCD}"
EndProject
Project("{FAE04EC0-301F-11D3-BF4B-00C04F79EFBC}") = "MyDatabase.Model", "MyDatabase.Model\MyDatabase.Model.csproj", "{9FEE621A-8D56-4B52-9698-5D0B76785BCB}"
EndProject
Project("{FAE04EC0-301F-11D3-BF4B-00C04F79EFBC}") = "MyDatabase.IDAL", "MyDatabse.IDAL\MyDatabase.IDAL.csproj", "{9EB6D192-7969-445F-8EFF-3238B4061C71}"
EndProject
Project("{FAE04EC0-301F-11D3-BF4B-00C04F79EFBC}") = "MyDatabase.DALContainer", "MyDatabase.DALContainer\MyDatabase.DALContainer.csproj", "{F1142B50-9FAE-4F4C-A5D8-935D93154216}"
EndProject
Project("{FAE04EC0-301F-11D3-BF4B-00C04F79EFBC}") = "MyDatabase.DAL", "MyDatabase.DAL\MyDatabase.DAL.csproj", "{F198E630-5FCC-420F-9D11-3632D4E24E0C}"
EndProject
Project("{FAE04EC0-301F-11D3-BF4B-00C04F79EFBC}") = "MyDatabase.BLL", "MyDatabase.BLL\MyDatabase.BLL.csproj", "{D94FFB93-8AB1-4BDF-8281-4D3D782D990C}"
EndProject
Project("{FAE04EC0-301F-11D3-BF4B-00C04F79EFBC}") = "MyDatabase.BLLContainer", "MyDatabase.BLLContainer\MyDatabase.BLLContainer.csproj", "{0EC685DC-1D3A-421B-B9F7-E0C4B85F056B}"
EndProject
Project("{FAE04EC0-301F-11D3-BF4B-00C04F79EFBC}") = "MyDatabase.IBLL", "MyDatabase.IBLL\MyDatabase.IBLL.csproj", "{EC292624-7B1F-48EB-A91C-EBE6775D81E9}"
EndProject
Project("{FAE04EC0-301F-11D3-BF4B-00C04F79EFBC}") = "MyDatabase.Common", "MyDatabase.Common\MyDatabase.Common.csproj", "{CCFCB400-E887-4D7C-A5F0-B375367E681D}"
EndProject
Project("{FAE04EC0-301F-11D3-BF4B-00C04F79EFBC}") = "MyDatabase.Web", "MyDatabase.Web\MyDatabase.Web.csproj", "{1F8545F0-E7F0-4EB9-AA99-7D2B8834EF64}"
EndProject
Project("{FAE04EC0-301F-11D3-BF4B-00C04F79EFBC}") = "MyDatabase.WebAPI", "MyDatabase.WebAPI\MyDatabase.WebAPI.csproj", "{0137FCA6-258D-473E-929E-259D6E7AECEC}"
EndProject
Project("{FAE04EC0-301F-11D3-BF4B-00C04F79EFBC}") = "MyDatabase.Vue", "MyDatabase.Vue\MyDatabase.Vue.csproj", "{6CAE2836-4915-45BF-9E18-8C740719ED9E}"
EndProject
Global
	GlobalSection(SolutionConfigurationPlatforms) = preSolution
		Debug|Any CPU = Debug|Any CPU
		Release|Any CPU = Release|Any CPU
	EndGlobalSection
	GlobalSection(ProjectConfigurationPlatforms) = postSolution
		{5F539A86-8F2B-4FE7-93D6-42459D6F6BCD}.Debug|Any CPU.ActiveCfg = Debug|Any CPU
		{5F539A86-8F2B-4FE7-93D6-42459D6F6BCD}.Debug|Any CPU.Build.0 = Debug|Any CPU
		{5F539A86-8F2B-4FE7-93D6-42459D6F6BCD}.Release|Any CPU.ActiveCfg = Release|Any CPU
		{5F539A86-8F2B-4FE7-93D6-42459D6F6BCD}.Release|Any CPU.Build.0 = Release|Any CPU
		{9FEE621A-8D56-4B52-9698-5D0B76785BCB}.Debug|Any CPU.ActiveCfg = Debug|Any CPU
		{9FEE621A-8D56-4B52-9698-5D0B76785BCB}.Debug|Any CPU.Build.0 = Debug|Any CPU
		{9FEE621A-8D56-4B52-9698-5D0B76785BCB}.Release|Any CPU.ActiveCfg = Release|Any CPU
		{9FEE621A-8D56-4B52-9698-5D0B76785BCB}.Release|Any CPU.Build.0 = Release|Any CPU
		{9EB6D192-7969-445F-8EFF-3238B4061C71}.Debug|Any CPU.ActiveCfg = Debug|Any CPU
		{9EB6D192-7969-445F-8EFF-3238B4061C71}.Debug|Any CPU.Build.0 = Debug|Any CPU
		{9EB6D192-7969-445F-8EFF-3238B4061C71}.Release|Any CPU.ActiveCfg = Release|Any CPU
		{9EB6D192-7969-445F-8EFF-3238B4061C71}.Release|Any CPU.Build.0 = Release|Any CPU
		{F1142B50-9FAE-4F4C-A5D8-935D93154216}.Debug|Any CPU.ActiveCfg = Debug|Any CPU
		{F1142B50-9FAE-4F4C-A5D8-935D93154216}.Debug|Any CPU.Build.0 = Debug|Any CPU
		{F1142B50-9FAE-4F4C-A5D8-935D93154216}.Release|Any CPU.ActiveCfg = Release|Any CPU
		{F1142B50-9FAE-4F4C-A5D8-935D93154216}.Release|Any CPU.Build.0 = Release|Any CPU
		{F198E630-5FCC-420F-9D11-3632D4E24E0C}.Debug|Any CPU.ActiveCfg = Debug|Any CPU
		{F198E630-5FCC-420F-9D11-3632D4E24E0C}.Debug|Any CPU.Build.0 = Debug|Any CPU
		{F198E630-5FCC-420F-9D11-3632D4E24E0C}.Release|Any CPU.ActiveCfg = Release|Any CPU
		{F198E630-5FCC-420F-9D11-3632D4E24E0C}.Release|Any CPU.Build.0 = Release|Any CPU
		{D94FFB93-8AB1-4BDF-8281-4D3D782D990C}.Debug|Any CPU.ActiveCfg = Debug|Any CPU
		{D94FFB93-8AB1-4BDF-8281-4D3D782D990C}.Debug|Any CPU.Build.0 = Debug|Any CPU
		{D94FFB93-8AB1-4BDF-8281-4D3D782D990C}.Release|Any CPU.ActiveCfg = Release|Any CPU
		{D94FFB93-8AB1-4BDF-8281-4D3D782D990C}.Release|Any CPU.Build.0 = Release|Any CPU
		{0EC685DC-1D3A-421B-B9F7-E0C4B85F056B}.Debug|Any CPU.ActiveCfg = Debug|Any CPU
		{0EC685DC-1D3A-421B-B9F7-E0C4B85F056B}.Debug|Any CPU.Build.0 = Debug|Any CPU
		{0EC685DC-1D3A-421B-B9F7-E0C4B85F056B}.Release|Any CPU.ActiveCfg = Release|Any CPU
		{0EC685DC-1D3A-421B-B9F7-E0C4B85F056B}.Release|Any CPU.Build.0 = Release|Any CPU
		{EC292624-7B1F-48EB-A91C-EBE6775D81E9}.Debug|Any CPU.ActiveCfg = Debug|Any CPU
		{EC292624-7B1F-48EB-A91C-EBE6775D81E9}.Debug|Any CPU.Build.0 = Debug|Any CPU
		{EC292624-7B1F-48EB-A91C-EBE6775D81E9}.Release|Any CPU.ActiveCfg = Release|Any CPU
		{EC292624-7B1F-48EB-A91C-EBE6775D81E9}.Release|Any CPU.Build.0 = Release|Any CPU
		{CCFCB400-E887-4D7C-A5F0-B375367E681D}.Debug|Any CPU.ActiveCfg = Debug|Any CPU
		{CCFCB400-E887-4D7C-A5F0-B375367E681D}.Debug|Any CPU.Build.0 = Debug|Any CPU
		{CCFCB400-E887-4D7C-A5F0-B375367E681D}.Release|Any CPU.ActiveCfg = Release|Any CPU
		{CCFCB400-E887-4D7C-A5F0-B375367E681D}.Release|Any CPU.Build.0 = Release|Any CPU
		{1F8545F0-E7F0-4EB9-AA99-7D2B8834EF64}.Debug|Any CPU.ActiveCfg = Debug|Any CPU
		{1F8545F0-E7F0-4EB9-AA99-7D2B8834EF64}.Debug|Any CPU.Build.0 = Debug|Any CPU
		{1F8545F0-E7F0-4EB9-AA99-7D2B8834EF64}.Release|Any CPU.ActiveCfg = Release|Any CPU
		{1F8545F0-E7F0-4EB9-AA99-7D2B8834EF64}.Release|Any CPU.Build.0 = Release|Any CPU
		{0137FCA6-258D-473E-929E-259D6E7AECEC}.Debug|Any CPU.ActiveCfg = Debug|Any CPU
		{0137FCA6-258D-473E-929E-259D6E7AECEC}.Debug|Any CPU.Build.0 = Debug|Any CPU
		{0137FCA6-258D-473E-929E-259D6E7AECEC}.Release|Any CPU.ActiveCfg = Release|Any CPU
		{0137FCA6-258D-473E-929E-259D6E7AECEC}.Release|Any CPU.Build.0 = Release|Any CPU
		{6CAE2836-4915-45BF-9E18-8C740719ED9E}.Debug|Any CPU.ActiveCfg = Debug|Any CPU
		{6CAE2836-4915-45BF-9E18-8C740719ED9E}.Debug|Any CPU.Build.0 = Debug|Any CPU
		{6CAE2836-4915-45BF-9E18-8C740719ED9E}.Release|Any CPU.ActiveCfg = Release|Any CPU
		{6CAE2836-4915-45BF-9E18-8C740719ED9E}.Release|Any CPU.Build.0 = Release|Any CPU
	EndGlobalSection
	GlobalSection(SolutionProperties) = preSolution
		HideSolutionNode = FALSE
	EndGlobalSection
	GlobalSection(NestedProjects) = preSolution
		{5F539A86-8F2B-4FE7-93D6-42459D6F6BCD} = {FCB273CC-93B7-4996-A5DC-849674A8F250}
		{9FEE621A-8D56-4B52-9698-5D0B76785BCB} = {E166560E-A588-464A-AB5F-0214588D364D}
		{9EB6D192-7969-445F-8EFF-3238B4061C71} = {E85D92C8-B637-4249-A272-493BA6D71A12}
		{F1142B50-9FAE-4F4C-A5D8-935D93154216} = {E85D92C8-B637-4249-A272-493BA6D71A12}
		{F198E630-5FCC-420F-9D11-3632D4E24E0C} = {E85D92C8-B637-4249-A272-493BA6D71A12}
		{D94FFB93-8AB1-4BDF-8281-4D3D782D990C} = {BFB0A8F3-7824-4A85-A748-93B27C4BB417}
		{0EC685DC-1D3A-421B-B9F7-E0C4B85F056B} = {BFB0A8F3-7824-4A85-A748-93B27C4BB417}
		{EC292624-7B1F-48EB-A91C-EBE6775D81E9} = {BFB0A8F3-7824-4A85-A748-93B27C4BB417}
		{CCFCB400-E887-4D7C-A5F0-B375367E681D} = {1EA24514-0CFD-43F3-BC50-CB91C0F51A2F}
		{1F8545F0-E7F0-4EB9-AA99-7D2B8834EF64} = {04D6F3D9-C22D-4F52-8AFB-2E13152A1AAA}
		{0137FCA6-258D-473E-929E-259D6E7AECEC} = {04D6F3D9-C22D-4F52-8AFB-2E13152A1AAA}
		{6CAE2836-4915-45BF-9E18-8C740719ED9E} = {04D6F3D9-C22D-4F52-8AFB-2E13152A1AAA}
	EndGlobalSection
	GlobalSection(ExtensibilityGlobals) = postSolution
		SolutionGuid = {DF6C6D8C-6EF3-4E74-9A7D-36380B877200}
	EndGlobalSection
EndGlobal
